Microsoft Visual Studio Solution File, Format Version 12.00
# Visual Studio 15
VisualStudioVersion = 15.0.26124.0
MinimumVisualStudioVersion = 15.0.26124.0
Project("{9A19103F-16F7-4668-BE54-9A1E7A4F7556}") = "Scrumptious.Testing.MvcClient", "Scrumptious.Testing.MvcClient\Scrumptious.Testing.MvcClient.csproj", "{F9660A75-2573-4647-91A9-62E5A0A5B170}"
EndProject
Project("{FAE04EC0-301F-11D3-BF4B-00C04F79EFBC}") = "Scrumptious.Testing.Data", "Scrumptious.Testing.Data\Scrumptious.Testing.Data.csproj", "{4FC4E426-EF9B-4D4A-B246-27B28AD4B18D}"
EndProject
Project("{FAE04EC0-301F-11D3-BF4B-00C04F79EFBC}") = "Scrumptious.Testing.Library", "Scrumptious.Testing.Library\Scrumptious.Testing.Library.csproj", "{A7E5F0BA-0B58-4C1B-89FB-ADB11CC0D8E0}"
EndProject
Global
	GlobalSection(SolutionConfigurationPlatforms) = preSolution
		Debug|Any CPU = Debug|Any CPU
		Debug|x64 = Debug|x64
		Debug|x86 = Debug|x86
		Release|Any CPU = Release|Any CPU
		Release|x64 = Release|x64
		Release|x86 = Release|x86
	EndGlobalSection
	GlobalSection(ProjectConfigurationPlatforms) = postSolution
		{F9660A75-2573-4647-91A9-62E5A0A5B170}.Debug|Any CPU.ActiveCfg = Debug|Any CPU
		{F9660A75-2573-4647-91A9-62E5A0A5B170}.Debug|Any CPU.Build.0 = Debug|Any CPU
		{F9660A75-2573-4647-91A9-62E5A0A5B170}.Debug|x64.ActiveCfg = Debug|Any CPU
		{F9660A75-2573-4647-91A9-62E5A0A5B170}.Debug|x64.Build.0 = Debug|Any CPU
		{F9660A75-2573-4647-91A9-62E5A0A5B170}.Debug|x86.ActiveCfg = Debug|Any CPU
		{F9660A75-2573-4647-91A9-62E5A0A5B170}.Debug|x86.Build.0 = Debug|Any CPU
		{F9660A75-2573-4647-91A9-62E5A0A5B170}.Release|Any CPU.ActiveCfg = Release|Any CPU
		{F9660A75-2573-4647-91A9-62E5A0A5B170}.Release|Any CPU.Build.0 = Release|Any CPU
		{F9660A75-2573-4647-91A9-62E5A0A5B170}.Release|x64.ActiveCfg = Release|Any CPU
		{F9660A75-2573-4647-91A9-62E5A0A5B170}.Release|x64.Build.0 = Release|Any CPU
		{F9660A75-2573-4647-91A9-62E5A0A5B170}.Release|x86.ActiveCfg = Release|Any CPU
		{F9660A75-2573-4647-91A9-62E5A0A5B170}.Release|x86.Build.0 = Release|Any CPU
		{4FC4E426-EF9B-4D4A-B246-27B28AD4B18D}.Debug|Any CPU.ActiveCfg = Debug|Any CPU
		{4FC4E426-EF9B-4D4A-B246-27B28AD4B18D}.Debug|Any CPU.Build.0 = Debug|Any CPU
		{4FC4E426-EF9B-4D4A-B246-27B28AD4B18D}.Debug|x64.ActiveCfg = Debug|Any CPU
		{4FC4E426-EF9B-4D4A-B246-27B28AD4B18D}.Debug|x64.Build.0 = Debug|Any CPU
		{4FC4E426-EF9B-4D4A-B246-27B28AD4B18D}.Debug|x86.ActiveCfg = Debug|Any CPU
		{4FC4E426-EF9B-4D4A-B246-27B28AD4B18D}.Debug|x86.Build.0 = Debug|Any CPU
		{4FC4E426-EF9B-4D4A-B246-27B28AD4B18D}.Release|Any CPU.ActiveCfg = Release|Any CPU
		{4FC4E426-EF9B-4D4A-B246-27B28AD4B18D}.Release|Any CPU.Build.0 = Release|Any CPU
		{4FC4E426-EF9B-4D4A-B246-27B28AD4B18D}.Release|x64.ActiveCfg = Release|Any CPU
		{4FC4E426-EF9B-4D4A-B246-27B28AD4B18D}.Release|x64.Build.0 = Release|Any CPU
		{4FC4E426-EF9B-4D4A-B246-27B28AD4B18D}.Release|x86.ActiveCfg = Release|Any CPU
		{4FC4E426-EF9B-4D4A-B246-27B28AD4B18D}.Release|x86.Build.0 = Release|Any CPU
		{A7E5F0BA-0B58-4C1B-89FB-ADB11CC0D8E0}.Debug|Any CPU.ActiveCfg = Debug|Any CPU
		{A7E5F0BA-0B58-4C1B-89FB-ADB11CC0D8E0}.Debug|Any CPU.Build.0 = Debug|Any CPU
		{A7E5F0BA-0B58-4C1B-89FB-ADB11CC0D8E0}.Debug|x64.ActiveCfg = Debug|Any CPU
		{A7E5F0BA-0B58-4C1B-89FB-ADB11CC0D8E0}.Debug|x64.Build.0 = Debug|Any CPU
		{A7E5F0BA-0B58-4C1B-89FB-ADB11CC0D8E0}.Debug|x86.ActiveCfg = Debug|Any CPU
		{A7E5F0BA-0B58-4C1B-89FB-ADB11CC0D8E0}.Debug|x86.Build.0 = Debug|Any CPU
		{A7E5F0BA-0B58-4C1B-89FB-ADB11CC0D8E0}.Release|Any CPU.ActiveCfg = Release|Any CPU
		{A7E5F0BA-0B58-4C1B-89FB-ADB11CC0D8E0}.Release|Any CPU.Build.0 = Release|Any CPU
		{A7E5F0BA-0B58-4C1B-89FB-ADB11CC0D8E0}.Release|x64.ActiveCfg = Release|Any CPU
		{A7E5F0BA-0B58-4C1B-89FB-ADB11CC0D8E0}.Release|x64.Build.0 = Release|Any CPU
		{A7E5F0BA-0B58-4C1B-89FB-ADB11CC0D8E0}.Release|x86.ActiveCfg = Release|Any CPU
		{A7E5F0BA-0B58-4C1B-89FB-ADB11CC0D8E0}.Release|x86.Build.0 = Release|Any CPU
	EndGlobalSection
	GlobalSection(SolutionProperties) = preSolution
		HideSolutionNode = FALSE
	EndGlobalSection
	GlobalSection(ExtensibilityGlobals) = postSolution
		SolutionGuid = {44A0460C-480E-4DA9-95F5-FD5A3278AE20}
	EndGlobalSection
EndGlobal
