Microsoft Visual Studio Solution File, Format Version 12.00
# Visual Studio 15
VisualStudioVersion = 15.0.26124.0
MinimumVisualStudioVersion = 15.0.26124.0
Project("{9A19103F-16F7-4668-BE54-9A1E7A4F7556}") = "Scrumptious.MvcClient", "Scrumptious.MvcClient\Scrumptious.MvcClient.csproj", "{02C2B28D-886B-4825-A1B8-B2C8CB1A983D}"
EndProject
Project("{FAE04EC0-301F-11D3-BF4B-00C04F79EFBC}") = "Scrumptious.Data", "Scrumptious.Data\Scrumptious.Data.csproj", "{00FB62A0-D56F-4151-8D4A-0E98D9C33896}"
EndProject
Project("{FAE04EC0-301F-11D3-BF4B-00C04F79EFBC}") = "Scrumptious.Library", "Scrumptious.Library\Scrumptious.Library.csproj", "{22C05C01-F282-4072-9852-49E1C671C251}"
EndProject
Global
	GlobalSection(SolutionConfigurationPlatforms) = preSolution
		Debug|Any CPU = Debug|Any CPU
		Debug|x64 = Debug|x64
		Debug|x86 = Debug|x86
		Release|Any CPU = Release|Any CPU
		Release|x64 = Release|x64
		Release|x86 = Release|x86
	EndGlobalSection
	GlobalSection(ProjectConfigurationPlatforms) = postSolution
		{02C2B28D-886B-4825-A1B8-B2C8CB1A983D}.Debug|Any CPU.ActiveCfg = Debug|Any CPU
		{02C2B28D-886B-4825-A1B8-B2C8CB1A983D}.Debug|Any CPU.Build.0 = Debug|Any CPU
		{02C2B28D-886B-4825-A1B8-B2C8CB1A983D}.Debug|x64.ActiveCfg = Debug|Any CPU
		{02C2B28D-886B-4825-A1B8-B2C8CB1A983D}.Debug|x64.Build.0 = Debug|Any CPU
		{02C2B28D-886B-4825-A1B8-B2C8CB1A983D}.Debug|x86.ActiveCfg = Debug|Any CPU
		{02C2B28D-886B-4825-A1B8-B2C8CB1A983D}.Debug|x86.Build.0 = Debug|Any CPU
		{02C2B28D-886B-4825-A1B8-B2C8CB1A983D}.Release|Any CPU.ActiveCfg = Release|Any CPU
		{02C2B28D-886B-4825-A1B8-B2C8CB1A983D}.Release|Any CPU.Build.0 = Release|Any CPU
		{02C2B28D-886B-4825-A1B8-B2C8CB1A983D}.Release|x64.ActiveCfg = Release|Any CPU
		{02C2B28D-886B-4825-A1B8-B2C8CB1A983D}.Release|x64.Build.0 = Release|Any CPU
		{02C2B28D-886B-4825-A1B8-B2C8CB1A983D}.Release|x86.ActiveCfg = Release|Any CPU
		{02C2B28D-886B-4825-A1B8-B2C8CB1A983D}.Release|x86.Build.0 = Release|Any CPU
		{00FB62A0-D56F-4151-8D4A-0E98D9C33896}.Debug|Any CPU.ActiveCfg = Debug|Any CPU
		{00FB62A0-D56F-4151-8D4A-0E98D9C33896}.Debug|Any CPU.Build.0 = Debug|Any CPU
		{00FB62A0-D56F-4151-8D4A-0E98D9C33896}.Debug|x64.ActiveCfg = Debug|Any CPU
		{00FB62A0-D56F-4151-8D4A-0E98D9C33896}.Debug|x64.Build.0 = Debug|Any CPU
		{00FB62A0-D56F-4151-8D4A-0E98D9C33896}.Debug|x86.ActiveCfg = Debug|Any CPU
		{00FB62A0-D56F-4151-8D4A-0E98D9C33896}.Debug|x86.Build.0 = Debug|Any CPU
		{00FB62A0-D56F-4151-8D4A-0E98D9C33896}.Release|Any CPU.ActiveCfg = Release|Any CPU
		{00FB62A0-D56F-4151-8D4A-0E98D9C33896}.Release|Any CPU.Build.0 = Release|Any CPU
		{00FB62A0-D56F-4151-8D4A-0E98D9C33896}.Release|x64.ActiveCfg = Release|Any CPU
		{00FB62A0-D56F-4151-8D4A-0E98D9C33896}.Release|x64.Build.0 = Release|Any CPU
		{00FB62A0-D56F-4151-8D4A-0E98D9C33896}.Release|x86.ActiveCfg = Release|Any CPU
		{00FB62A0-D56F-4151-8D4A-0E98D9C33896}.Release|x86.Build.0 = Release|Any CPU
		{22C05C01-F282-4072-9852-49E1C671C251}.Debug|Any CPU.ActiveCfg = Debug|Any CPU
		{22C05C01-F282-4072-9852-49E1C671C251}.Debug|Any CPU.Build.0 = Debug|Any CPU
		{22C05C01-F282-4072-9852-49E1C671C251}.Debug|x64.ActiveCfg = Debug|Any CPU
		{22C05C01-F282-4072-9852-49E1C671C251}.Debug|x64.Build.0 = Debug|Any CPU
		{22C05C01-F282-4072-9852-49E1C671C251}.Debug|x86.ActiveCfg = Debug|Any CPU
		{22C05C01-F282-4072-9852-49E1C671C251}.Debug|x86.Build.0 = Debug|Any CPU
		{22C05C01-F282-4072-9852-49E1C671C251}.Release|Any CPU.ActiveCfg = Release|Any CPU
		{22C05C01-F282-4072-9852-49E1C671C251}.Release|Any CPU.Build.0 = Release|Any CPU
		{22C05C01-F282-4072-9852-49E1C671C251}.Release|x64.ActiveCfg = Release|Any CPU
		{22C05C01-F282-4072-9852-49E1C671C251}.Release|x64.Build.0 = Release|Any CPU
		{22C05C01-F282-4072-9852-49E1C671C251}.Release|x86.ActiveCfg = Release|Any CPU
		{22C05C01-F282-4072-9852-49E1C671C251}.Release|x86.Build.0 = Release|Any CPU
	EndGlobalSection
	GlobalSection(SolutionProperties) = preSolution
		HideSolutionNode = FALSE
	EndGlobalSection
	GlobalSection(ExtensibilityGlobals) = postSolution
		SolutionGuid = {10A5FC9A-8E0E-4D02-BEA6-E075BC829E7F}
	EndGlobalSection
EndGlobal
